// !$*UTF8*$!
{
	archiveVersion = 1;
	classes = {
	};
	objectVersion = 55;
	objects = {

/* Begin PBXBuildFile section */
		410D152BD199227A15136027 /* Pods_Test_1.framework in Frameworks */ = {isa = PBXBuildFile; fileRef = 339FBA386D812CF4543D57DC /* Pods_Test_1.framework */; };
		C23927DD288EDDBD00AFB937 /* AppDelegate.swift in Sources */ = {isa = PBXBuildFile; fileRef = C23927DC288EDDBD00AFB937 /* AppDelegate.swift */; };
		C23927DF288EDDBD00AFB937 /* SceneDelegate.swift in Sources */ = {isa = PBXBuildFile; fileRef = C23927DE288EDDBD00AFB937 /* SceneDelegate.swift */; };
		C23927E1288EDDBD00AFB937 /* ViewController.swift in Sources */ = {isa = PBXBuildFile; fileRef = C23927E0288EDDBD00AFB937 /* ViewController.swift */; };
		C23927E4288EDDBD00AFB937 /* Main.storyboard in Resources */ = {isa = PBXBuildFile; fileRef = C23927E2288EDDBD00AFB937 /* Main.storyboard */; };
		C23927E6288EDDBF00AFB937 /* Assets.xcassets in Resources */ = {isa = PBXBuildFile; fileRef = C23927E5288EDDBF00AFB937 /* Assets.xcassets */; };
		C23927E9288EDDBF00AFB937 /* LaunchScreen.storyboard in Resources */ = {isa = PBXBuildFile; fileRef = C23927E7288EDDBF00AFB937 /* LaunchScreen.storyboard */; };
		C286909628AE7710009CFD02 /* PlasesViewController.swift in Sources */ = {isa = PBXBuildFile; fileRef = C286909528AE7710009CFD02 /* PlasesViewController.swift */; };
		C2C737DB28B92102005B8877 /* PlaceViewController.swift in Sources */ = {isa = PBXBuildFile; fileRef = C2C737DA28B92102005B8877 /* PlaceViewController.swift */; };
		C2F585E2289036B300F7A967 /* CityViewController.swift in Sources */ = {isa = PBXBuildFile; fileRef = C2F585E1289036B300F7A967 /* CityViewController.swift */; };
		C2F585E4289055C600F7A967 /* MapController.swift in Sources */ = {isa = PBXBuildFile; fileRef = C2F585E3289055C600F7A967 /* MapController.swift */; };
		C2F585E728905AC600F7A967 /* Model.swift in Sources */ = {isa = PBXBuildFile; fileRef = C2F585E628905AC600F7A967 /* Model.swift */; };
		C2F585E92890A1DA00F7A967 /* Points.swift in Sources */ = {isa = PBXBuildFile; fileRef = C2F585E82890A1DA00F7A967 /* Points.swift */; };
/* End PBXBuildFile section */

/* Begin PBXFileReference section */
		339FBA386D812CF4543D57DC /* Pods_Test_1.framework */ = {isa = PBXFileReference; explicitFileType = wrapper.framework; includeInIndex = 0; path = Pods_Test_1.framework; sourceTree = BUILT_PRODUCTS_DIR; };
		AF5F565394349DBFF123784A /* Pods-Test 1.debug.xcconfig */ = {isa = PBXFileReference; includeInIndex = 1; lastKnownFileType = text.xcconfig; name = "Pods-Test 1.debug.xcconfig"; path = "Target Support Files/Pods-Test 1/Pods-Test 1.debug.xcconfig"; sourceTree = "<group>"; };
		C20AEB92288F3A01002323F9 /* Test 1-Bridging-Header.h */ = {isa = PBXFileReference; lastKnownFileType = sourcecode.c.h; path = "Test 1-Bridging-Header.h"; sourceTree = "<group>"; };
		C23927D9288EDDBD00AFB937 /* Test 1.app */ = {isa = PBXFileReference; explicitFileType = wrapper.application; includeInIndex = 0; path = "Test 1.app"; sourceTree = BUILT_PRODUCTS_DIR; };
		C23927DC288EDDBD00AFB937 /* AppDelegate.swift */ = {isa = PBXFileReference; lastKnownFileType = sourcecode.swift; path = AppDelegate.swift; sourceTree = "<group>"; };
		C23927DE288EDDBD00AFB937 /* SceneDelegate.swift */ = {isa = PBXFileReference; lastKnownFileType = sourcecode.swift; path = SceneDelegate.swift; sourceTree = "<group>"; };
		C23927E0288EDDBD00AFB937 /* ViewController.swift */ = {isa = PBXFileReference; lastKnownFileType = sourcecode.swift; path = ViewController.swift; sourceTree = "<group>"; };
		C23927E3288EDDBD00AFB937 /* Base */ = {isa = PBXFileReference; lastKnownFileType = file.storyboard; name = Base; path = Base.lproj/Main.storyboard; sourceTree = "<group>"; };
		C23927E5288EDDBF00AFB937 /* Assets.xcassets */ = {isa = PBXFileReference; lastKnownFileType = folder.assetcatalog; path = Assets.xcassets; sourceTree = "<group>"; };
		C23927E8288EDDBF00AFB937 /* Base */ = {isa = PBXFileReference; lastKnownFileType = file.storyboard; name = Base; path = Base.lproj/LaunchScreen.storyboard; sourceTree = "<group>"; };
		C23927EA288EDDBF00AFB937 /* Info.plist */ = {isa = PBXFileReference; lastKnownFileType = text.plist.xml; path = Info.plist; sourceTree = "<group>"; };
		C286909528AE7710009CFD02 /* PlasesViewController.swift */ = {isa = PBXFileReference; lastKnownFileType = sourcecode.swift; path = PlasesViewController.swift; sourceTree = "<group>"; };
		C2C737DA28B92102005B8877 /* PlaceViewController.swift */ = {isa = PBXFileReference; lastKnownFileType = sourcecode.swift; path = PlaceViewController.swift; sourceTree = "<group>"; };
		C2F585E1289036B300F7A967 /* CityViewController.swift */ = {isa = PBXFileReference; lastKnownFileType = sourcecode.swift; path = CityViewController.swift; sourceTree = "<group>"; };
		C2F585E3289055C600F7A967 /* MapController.swift */ = {isa = PBXFileReference; lastKnownFileType = sourcecode.swift; name = MapController.swift; path = "Test 1/MapController.swift"; sourceTree = "<group>"; };
		C2F585E628905AC600F7A967 /* Model.swift */ = {isa = PBXFileReference; lastKnownFileType = sourcecode.swift; path = Model.swift; sourceTree = "<group>"; };
		C2F585E82890A1DA00F7A967 /* Points.swift */ = {isa = PBXFileReference; lastKnownFileType = sourcecode.swift; path = Points.swift; sourceTree = "<group>"; };
		EEAA62DDC530A7B143E58366 /* Pods-Test 1.release.xcconfig */ = {isa = PBXFileReference; includeInIndex = 1; lastKnownFileType = text.xcconfig; name = "Pods-Test 1.release.xcconfig"; path = "Target Support Files/Pods-Test 1/Pods-Test 1.release.xcconfig"; sourceTree = "<group>"; };
/* End PBXFileReference section */

/* Begin PBXFrameworksBuildPhase section */
		C23927D6288EDDBD00AFB937 /* Frameworks */ = {
			isa = PBXFrameworksBuildPhase;
			buildActionMask = 2147483647;
			files = (
				410D152BD199227A15136027 /* Pods_Test_1.framework in Frameworks */,
			);
			runOnlyForDeploymentPostprocessing = 0;
		};
/* End PBXFrameworksBuildPhase section */

/* Begin PBXGroup section */
		4664E485DA69B75FCA71BC27 /* Pods */ = {
			isa = PBXGroup;
			children = (
				AF5F565394349DBFF123784A /* Pods-Test 1.debug.xcconfig */,
				EEAA62DDC530A7B143E58366 /* Pods-Test 1.release.xcconfig */,
			);
			path = Pods;
			sourceTree = "<group>";
		};
		48A612DB2B69CE77D49DEF38 /* Frameworks */ = {
			isa = PBXGroup;
			children = (
				339FBA386D812CF4543D57DC /* Pods_Test_1.framework */,
			);
			name = Frameworks;
			sourceTree = "<group>";
		};
		C23927D0288EDDBD00AFB937 = {
			isa = PBXGroup;
			children = (
				C23927DB288EDDBD00AFB937 /* Test 1 */,
				C23927DA288EDDBD00AFB937 /* Products */,
				4664E485DA69B75FCA71BC27 /* Pods */,
				48A612DB2B69CE77D49DEF38 /* Frameworks */,
			);
			sourceTree = "<group>";
		};
		C23927DA288EDDBD00AFB937 /* Products */ = {
			isa = PBXGroup;
			children = (
				C23927D9288EDDBD00AFB937 /* Test 1.app */,
			);
			name = Products;
			sourceTree = "<group>";
		};
		C23927DB288EDDBD00AFB937 /* Test 1 */ = {
			isa = PBXGroup;
			children = (
				C23927DC288EDDBD00AFB937 /* AppDelegate.swift */,
				C23927DE288EDDBD00AFB937 /* SceneDelegate.swift */,
				C23927E0288EDDBD00AFB937 /* ViewController.swift */,
				C23927E2288EDDBD00AFB937 /* Main.storyboard */,
				C2F585DC2890360D00F7A967 /* 2 example */,
				C2F585DB2890357200F7A967 /* Map 1 example */,
				C23927E7288EDDBF00AFB937 /* LaunchScreen.storyboard */,
				C23927E5288EDDBF00AFB937 /* Assets.xcassets */,
				C23927EA288EDDBF00AFB937 /* Info.plist */,
				C20AEB92288F3A01002323F9 /* Test 1-Bridging-Header.h */,
			);
			path = "Test 1";
			sourceTree = "<group>";
		};
		C2F585DB2890357200F7A967 /* Map 1 example */ = {
			isa = PBXGroup;
			children = (
				C2F585E82890A1DA00F7A967 /* Points.swift */,
				C2F585E3289055C600F7A967 /* MapController.swift */,
			);
			path = "Map 1 example";
			sourceTree = "<group>";
		};
		C2F585DC2890360D00F7A967 /* 2 example */ = {
			isa = PBXGroup;
			children = (
				C2F585E628905AC600F7A967 /* Model.swift */,
				C286909528AE7710009CFD02 /* PlasesViewController.swift */,
				C2F585E1289036B300F7A967 /* CityViewController.swift */,
				C2C737DA28B92102005B8877 /* PlaceViewController.swift */,
			);
			path = "2 example";
			sourceTree = "<group>";
		};
/* End PBXGroup section */

/* Begin PBXNativeTarget section */
		C23927D8288EDDBD00AFB937 /* Test 1 */ = {
			isa = PBXNativeTarget;
			buildConfigurationList = C23927ED288EDDBF00AFB937 /* Build configuration list for PBXNativeTarget "Test 1" */;
			buildPhases = (
				4CDF25F74247CBDA4D1BC61C /* [CP] Check Pods Manifest.lock */,
				C23927D5288EDDBD00AFB937 /* Sources */,
				C23927D6288EDDBD00AFB937 /* Frameworks */,
				C23927D7288EDDBD00AFB937 /* Resources */,
				584343E972D53ED1A55DE9C3 /* [CP] Copy Pods Resources */,
				67839A6D82806A9445C20075 /* [CP] Embed Pods Frameworks */,
			);
			buildRules = (
			);
			dependencies = (
			);
			name = "Test 1";
			productName = "Test 1";
			productReference = C23927D9288EDDBD00AFB937 /* Test 1.app */;
			productType = "com.apple.product-type.application";
		};
/* End PBXNativeTarget section */

/* Begin PBXProject section */
		C23927D1288EDDBD00AFB937 /* Project object */ = {
			isa = PBXProject;
			attributes = {
				BuildIndependentTargetsInParallel = 1;
				LastSwiftUpdateCheck = 1340;
				LastUpgradeCheck = 1340;
				TargetAttributes = {
					C23927D8288EDDBD00AFB937 = {
						CreatedOnToolsVersion = 13.4.1;
						LastSwiftMigration = 1340;
					};
				};
			};
			buildConfigurationList = C23927D4288EDDBD00AFB937 /* Build configuration list for PBXProject "Test 1" */;
			compatibilityVersion = "Xcode 13.0";
			developmentRegion = en;
			hasScannedForEncodings = 0;
			knownRegions = (
				en,
				Base,
			);
			mainGroup = C23927D0288EDDBD00AFB937;
			productRefGroup = C23927DA288EDDBD00AFB937 /* Products */;
			projectDirPath = "";
			projectRoot = "";
			targets = (
				C23927D8288EDDBD00AFB937 /* Test 1 */,
			);
		};
/* End PBXProject section */

/* Begin PBXResourcesBuildPhase section */
		C23927D7288EDDBD00AFB937 /* Resources */ = {
			isa = PBXResourcesBuildPhase;
			buildActionMask = 2147483647;
			files = (
				C23927E9288EDDBF00AFB937 /* LaunchScreen.storyboard in Resources */,
				C23927E6288EDDBF00AFB937 /* Assets.xcassets in Resources */,
				C23927E4288EDDBD00AFB937 /* Main.storyboard in Resources */,
			);
			runOnlyForDeploymentPostprocessing = 0;
		};
/* End PBXResourcesBuildPhase section */

/* Begin PBXShellScriptBuildPhase section */
		4CDF25F74247CBDA4D1BC61C /* [CP] Check Pods Manifest.lock */ = {
			isa = PBXShellScriptBuildPhase;
			buildActionMask = 2147483647;
			files = (
			);
			inputFileListPaths = (
			);
			inputPaths = (
				"${PODS_PODFILE_DIR_PATH}/Podfile.lock",
				"${PODS_ROOT}/Manifest.lock",
			);
			name = "[CP] Check Pods Manifest.lock";
			outputFileListPaths = (
			);
			outputPaths = (
				"$(DERIVED_FILE_DIR)/Pods-Test 1-checkManifestLockResult.txt",
			);
			runOnlyForDeploymentPostprocessing = 0;
			shellPath = /bin/sh;
			shellScript = "diff \"${PODS_PODFILE_DIR_PATH}/Podfile.lock\" \"${PODS_ROOT}/Manifest.lock\" > /dev/null\nif [ $? != 0 ] ; then\n    # print error to STDERR\n    echo \"error: The sandbox is not in sync with the Podfile.lock. Run 'pod install' or update your CocoaPods installation.\" >&2\n    exit 1\nfi\n# This output is used by Xcode 'outputs' to avoid re-running this script phase.\necho \"SUCCESS\" > \"${SCRIPT_OUTPUT_FILE_0}\"\n";
			showEnvVarsInLog = 0;
		};
		584343E972D53ED1A55DE9C3 /* [CP] Copy Pods Resources */ = {
			isa = PBXShellScriptBuildPhase;
			buildActionMask = 2147483647;
			files = (
			);
			inputFileListPaths = (
				"${PODS_ROOT}/Target Support Files/Pods-Test 1/Pods-Test 1-resources-${CONFIGURATION}-input-files.xcfilelist",
			);
			name = "[CP] Copy Pods Resources";
			outputFileListPaths = (
				"${PODS_ROOT}/Target Support Files/Pods-Test 1/Pods-Test 1-resources-${CONFIGURATION}-output-files.xcfilelist",
			);
			runOnlyForDeploymentPostprocessing = 0;
			shellPath = /bin/sh;
			shellScript = "\"${PODS_ROOT}/Target Support Files/Pods-Test 1/Pods-Test 1-resources.sh\"\n";
			showEnvVarsInLog = 0;
		};
		67839A6D82806A9445C20075 /* [CP] Embed Pods Frameworks */ = {
			isa = PBXShellScriptBuildPhase;
			buildActionMask = 2147483647;
			files = (
			);
			inputFileListPaths = (
				"${PODS_ROOT}/Target Support Files/Pods-Test 1/Pods-Test 1-frameworks-${CONFIGURATION}-input-files.xcfilelist",
			);
			name = "[CP] Embed Pods Frameworks";
			outputFileListPaths = (
				"${PODS_ROOT}/Target Support Files/Pods-Test 1/Pods-Test 1-frameworks-${CONFIGURATION}-output-files.xcfilelist",
			);
			runOnlyForDeploymentPostprocessing = 0;
			shellPath = /bin/sh;
			shellScript = "\"${PODS_ROOT}/Target Support Files/Pods-Test 1/Pods-Test 1-frameworks.sh\"\n";
			showEnvVarsInLog = 0;
		};
/* End PBXShellScriptBuildPhase section */

/* Begin PBXSourcesBuildPhase section */
		C23927D5288EDDBD00AFB937 /* Sources */ = {
			isa = PBXSourcesBuildPhase;
			buildActionMask = 2147483647;
			files = (
				C2F585E92890A1DA00F7A967 /* Points.swift in Sources */,
				C23927E1288EDDBD00AFB937 /* ViewController.swift in Sources */,
				C286909628AE7710009CFD02 /* PlasesViewController.swift in Sources */,
				C23927DD288EDDBD00AFB937 /* AppDelegate.swift in Sources */,
				C23927DF288EDDBD00AFB937 /* SceneDelegate.swift in Sources */,
				C2F585E4289055C600F7A967 /* MapController.swift in Sources */,
				C2F585E2289036B300F7A967 /* CityViewController.swift in Sources */,
				C2C737DB28B92102005B8877 /* PlaceViewController.swift in Sources */,
				C2F585E728905AC600F7A967 /* Model.swift in Sources */,
			);
			runOnlyForDeploymentPostprocessing = 0;
		};
/* End PBXSourcesBuildPhase section */

/* Begin PBXVariantGroup section */
		C23927E2288EDDBD00AFB937 /* Main.storyboard */ = {
			isa = PBXVariantGroup;
			children = (
				C23927E3288EDDBD00AFB937 /* Base */,
			);
			name = Main.storyboard;
			sourceTree = "<group>";
		};
		C23927E7288EDDBF00AFB937 /* LaunchScreen.storyboard */ = {
			isa = PBXVariantGroup;
			children = (
				C23927E8288EDDBF00AFB937 /* Base */,
			);
			name = LaunchScreen.storyboard;
			sourceTree = "<group>";
		};
/* End PBXVariantGroup section */

/* Begin XCBuildConfiguration section */
		C23927EB288EDDBF00AFB937 /* Debug */ = {
			isa = XCBuildConfiguration;
			buildSettings = {
				ALWAYS_SEARCH_USER_PATHS = NO;
				CLANG_ANALYZER_NONNULL = YES;
				CLANG_ANALYZER_NUMBER_OBJECT_CONVERSION = YES_AGGRESSIVE;
				CLANG_CXX_LANGUAGE_STANDARD = "gnu++17";
				CLANG_ENABLE_MODULES = YES;
				CLANG_ENABLE_OBJC_ARC = YES;
				CLANG_ENABLE_OBJC_WEAK = YES;
				CLANG_WARN_BLOCK_CAPTURE_AUTORELEASING = YES;
				CLANG_WARN_BOOL_CONVERSION = YES;
				CLANG_WARN_COMMA = YES;
				CLANG_WARN_CONSTANT_CONVERSION = YES;
				CLANG_WARN_DEPRECATED_OBJC_IMPLEMENTATIONS = YES;
				CLANG_WARN_DIRECT_OBJC_ISA_USAGE = YES_ERROR;
				CLANG_WARN_DOCUMENTATION_COMMENTS = YES;
				CLANG_WARN_EMPTY_BODY = YES;
				CLANG_WARN_ENUM_CONVERSION = YES;
				CLANG_WARN_INFINITE_RECURSION = YES;
				CLANG_WARN_INT_CONVERSION = YES;
				CLANG_WARN_NON_LITERAL_NULL_CONVERSION = YES;
				CLANG_WARN_OBJC_IMPLICIT_RETAIN_SELF = YES;
				CLANG_WARN_OBJC_LITERAL_CONVERSION = YES;
				CLANG_WARN_OBJC_ROOT_CLASS = YES_ERROR;
				CLANG_WARN_QUOTED_INCLUDE_IN_FRAMEWORK_HEADER = YES;
				CLANG_WARN_RANGE_LOOP_ANALYSIS = YES;
				CLANG_WARN_STRICT_PROTOTYPES = YES;
				CLANG_WARN_SUSPICIOUS_MOVE = YES;
				CLANG_WARN_UNGUARDED_AVAILABILITY = YES_AGGRESSIVE;
				CLANG_WARN_UNREACHABLE_CODE = YES;
				CLANG_WARN__DUPLICATE_METHOD_MATCH = YES;
				COPY_PHASE_STRIP = NO;
				DEBUG_INFORMATION_FORMAT = dwarf;
				ENABLE_STRICT_OBJC_MSGSEND = YES;
				ENABLE_TESTABILITY = YES;
				GCC_C_LANGUAGE_STANDARD = gnu11;
				GCC_DYNAMIC_NO_PIC = NO;
				GCC_NO_COMMON_BLOCKS = YES;
				GCC_OPTIMIZATION_LEVEL = 0;
				GCC_PREPROCESSOR_DEFINITIONS = (
					"DEBUG=1",
					"$(inherited)",
				);
				GCC_WARN_64_TO_32_BIT_CONVERSION = YES;
				GCC_WARN_ABOUT_RETURN_TYPE = YES_ERROR;
				GCC_WARN_UNDECLARED_SELECTOR = YES;
				GCC_WARN_UNINITIALIZED_AUTOS = YES_AGGRESSIVE;
				GCC_WARN_UNUSED_FUNCTION = YES;
				GCC_WARN_UNUSED_VARIABLE = YES;
				IPHONEOS_DEPLOYMENT_TARGET = 15.5;
				MTL_ENABLE_DEBUG_INFO = INCLUDE_SOURCE;
				MTL_FAST_MATH = YES;
				ONLY_ACTIVE_ARCH = YES;
				SDKROOT = iphoneos;
				SWIFT_ACTIVE_COMPILATION_CONDITIONS = DEBUG;
				SWIFT_OPTIMIZATION_LEVEL = "-Onone";
			};
			name = Debug;
		};
		C23927EC288EDDBF00AFB937 /* Release */ = {
			isa = XCBuildConfiguration;
			buildSettings = {
				ALWAYS_SEARCH_USER_PATHS = NO;
				CLANG_ANALYZER_NONNULL = YES;
				CLANG_ANALYZER_NUMBER_OBJECT_CONVERSION = YES_AGGRESSIVE;
				CLANG_CXX_LANGUAGE_STANDARD = "gnu++17";
				CLANG_ENABLE_MODULES = YES;
				CLANG_ENABLE_OBJC_ARC = YES;
				CLANG_ENABLE_OBJC_WEAK = YES;
				CLANG_WARN_BLOCK_CAPTURE_AUTORELEASING = YES;
				CLANG_WARN_BOOL_CONVERSION = YES;
				CLANG_WARN_COMMA = YES;
				CLANG_WARN_CONSTANT_CONVERSION = YES;
				CLANG_WARN_DEPRECATED_OBJC_IMPLEMENTATIONS = YES;
				CLANG_WARN_DIRECT_OBJC_ISA_USAGE = YES_ERROR;
				CLANG_WARN_DOCUMENTATION_COMMENTS = YES;
				CLANG_WARN_EMPTY_BODY = YES;
				CLANG_WARN_ENUM_CONVERSION = YES;
				CLANG_WARN_INFINITE_RECURSION = YES;
				CLANG_WARN_INT_CONVERSION = YES;
				CLANG_WARN_NON_LITERAL_NULL_CONVERSION = YES;
				CLANG_WARN_OBJC_IMPLICIT_RETAIN_SELF = YES;
				CLANG_WARN_OBJC_LITERAL_CONVERSION = YES;
				CLANG_WARN_OBJC_ROOT_CLASS = YES_ERROR;
				CLANG_WARN_QUOTED_INCLUDE_IN_FRAMEWORK_HEADER = YES;
				CLANG_WARN_RANGE_LOOP_ANALYSIS = YES;
				CLANG_WARN_STRICT_PROTOTYPES = YES;
				CLANG_WARN_SUSPICIOUS_MOVE = YES;
				CLANG_WARN_UNGUARDED_AVAILABILITY = YES_AGGRESSIVE;
				CLANG_WARN_UNREACHABLE_CODE = YES;
				CLANG_WARN__DUPLICATE_METHOD_MATCH = YES;
				COPY_PHASE_STRIP = NO;
				DEBUG_INFORMATION_FORMAT = "dwarf-with-dsym";
				ENABLE_NS_ASSERTIONS = NO;
				ENABLE_STRICT_OBJC_MSGSEND = YES;
				GCC_C_LANGUAGE_STANDARD = gnu11;
				GCC_NO_COMMON_BLOCKS = YES;
				GCC_WARN_64_TO_32_BIT_CONVERSION = YES;
				GCC_WARN_ABOUT_RETURN_TYPE = YES_ERROR;
				GCC_WARN_UNDECLARED_SELECTOR = YES;
				GCC_WARN_UNINITIALIZED_AUTOS = YES_AGGRESSIVE;
				GCC_WARN_UNUSED_FUNCTION = YES;
				GCC_WARN_UNUSED_VARIABLE = YES;
				IPHONEOS_DEPLOYMENT_TARGET = 15.5;
				MTL_ENABLE_DEBUG_INFO = NO;
				MTL_FAST_MATH = YES;
				SDKROOT = iphoneos;
				SWIFT_COMPILATION_MODE = wholemodule;
				SWIFT_OPTIMIZATION_LEVEL = "-O";
				VALIDATE_PRODUCT = YES;
			};
			name = Release;
		};
		C23927EE288EDDBF00AFB937 /* Debug */ = {
			isa = XCBuildConfiguration;
			baseConfigurationReference = AF5F565394349DBFF123784A /* Pods-Test 1.debug.xcconfig */;
			buildSettings = {
				ASSETCATALOG_COMPILER_APPICON_NAME = AppIcon;
				ASSETCATALOG_COMPILER_GLOBAL_ACCENT_COLOR_NAME = AccentColor;
				CLANG_ENABLE_MODULES = YES;
				CODE_SIGN_STYLE = Automatic;
				CURRENT_PROJECT_VERSION = 1;
				DEVELOPMENT_TEAM = Q2L84UB3N5;
				GENERATE_INFOPLIST_FILE = YES;
				INFOPLIST_FILE = "Test 1/Info.plist";
				INFOPLIST_KEY_NSLocationWhenInUseUsageDescription = "Для определения местоположения ";
				INFOPLIST_KEY_UIApplicationSupportsIndirectInputEvents = YES;
				INFOPLIST_KEY_UILaunchStoryboardName = LaunchScreen;
				INFOPLIST_KEY_UIMainStoryboardFile = Main;
				INFOPLIST_KEY_UISupportedInterfaceOrientations_iPad = "UIInterfaceOrientationPortrait UIInterfaceOrientationPortraitUpsideDown UIInterfaceOrientationLandscapeLeft UIInterfaceOrientationLandscapeRight";
				INFOPLIST_KEY_UISupportedInterfaceOrientations_iPhone = "UIInterfaceOrientationPortrait UIInterfaceOrientationLandscapeLeft UIInterfaceOrientationLandscapeRight";
				LD_RUNPATH_SEARCH_PATHS = (
					"$(inherited)",
					"@executable_path/Frameworks",
				);
				MARKETING_VERSION = 1.0;
				PRODUCT_BUNDLE_IDENTIFIER = "NL.Test-1";
				PRODUCT_NAME = "$(TARGET_NAME)";
				SWIFT_EMIT_LOC_STRINGS = YES;
				SWIFT_OBJC_BRIDGING_HEADER = "Test 1/Test 1-Bridging-Header.h";
				SWIFT_OPTIMIZATION_LEVEL = "-Onone";
				SWIFT_VERSION = 5.0;
				TARGETED_DEVICE_FAMILY = "1,2";
			};
			name = Debug;
		};
		C23927EF288EDDBF00AFB937 /* Release */ = {
			isa = XCBuildConfiguration;
			baseConfigurationReference = EEAA62DDC530A7B143E58366 /* Pods-Test 1.release.xcconfig */;
			buildSettings = {
				ASSETCATALOG_COMPILER_APPICON_NAME = AppIcon;
				ASSETCATALOG_COMPILER_GLOBAL_ACCENT_COLOR_NAME = AccentColor;
				CLANG_ENABLE_MODULES = YES;
				CODE_SIGN_STYLE = Automatic;
				CURRENT_PROJECT_VERSION = 1;
				DEVELOPMENT_TEAM = Q2L84UB3N5;
				GENERATE_INFOPLIST_FILE = YES;
				INFOPLIST_FILE = "Test 1/Info.plist";
				INFOPLIST_KEY_NSLocationWhenInUseUsageDescription = "Для определения местоположения ";
				INFOPLIST_KEY_UIApplicationSupportsIndirectInputEvents = YES;
				INFOPLIST_KEY_UILaunchStoryboardName = LaunchScreen;
				INFOPLIST_KEY_UIMainStoryboardFile = Main;
				INFOPLIST_KEY_UISupportedInterfaceOrientations_iPad = "UIInterfaceOrientationPortrait UIInterfaceOrientationPortraitUpsideDown UIInterfaceOrientationLandscapeLeft UIInterfaceOrientationLandscapeRight";
				INFOPLIST_KEY_UISupportedInterfaceOrientations_iPhone = "UIInterfaceOrientationPortrait UIInterfaceOrientationLandscapeLeft UIInterfaceOrientationLandscapeRight";
				LD_RUNPATH_SEARCH_PATHS = (
					"$(inherited)",
					"@executable_path/Frameworks",
				);
				MARKETING_VERSION = 1.0;
				PRODUCT_BUNDLE_IDENTIFIER = "NL.Test-1";
				PRODUCT_NAME = "$(TARGET_NAME)";
				SWIFT_EMIT_LOC_STRINGS = YES;
				SWIFT_OBJC_BRIDGING_HEADER = "Test 1/Test 1-Bridging-Header.h";
				SWIFT_VERSION = 5.0;
				TARGETED_DEVICE_FAMILY = "1,2";
			};
			name = Release;
		};
/* End XCBuildConfiguration section */

/* Begin XCConfigurationList section */
		C23927D4288EDDBD00AFB937 /* Build configuration list for PBXProject "Test 1" */ = {
			isa = XCConfigurationList;
			buildConfigurations = (
				C23927EB288EDDBF00AFB937 /* Debug */,
				C23927EC288EDDBF00AFB937 /* Release */,
			);
			defaultConfigurationIsVisible = 0;
			defaultConfigurationName = Release;
		};
		C23927ED288EDDBF00AFB937 /* Build configuration list for PBXNativeTarget "Test 1" */ = {
			isa = XCConfigurationList;
			buildConfigurations = (
				C23927EE288EDDBF00AFB937 /* Debug */,
				C23927EF288EDDBF00AFB937 /* Release */,
			);
			defaultConfigurationIsVisible = 0;
			defaultConfigurationName = Release;
		};
/* End XCConfigurationList section */
	};
	rootObject = C23927D1288EDDBD00AFB937 /* Project object */;
}
